# This file is automatically @generated by Cargo.
# It is not intended for manual editing.
[[package]]
name = "buddy_system_allocator"
version = "0.4.0"
source = "registry+https://github.com/rust-lang/crates.io-index"
checksum = "42164d22604f1f7adfe246bd857f9233678202953beaba0b343d481dc208a36b"
dependencies = [
 "rustversion",
 "spin",
]

[[package]]
name = "rustversion"
version = "1.0.4"
source = "registry+https://github.com/rust-lang/crates.io-index"
checksum = "cb5d2a036dc6d2d8fd16fde3498b04306e29bd193bf306a57427019b823d5acd"

[[package]]
name = "spin"
version = "0.5.2"
source = "registry+https://github.com/rust-lang/crates.io-index"
checksum = "6e63cff320ae2c57904679ba7cb63280a3dc4613885beafb148ee7bf9aa9042d"

[[package]]
name = "user_lib"
version = "0.1.0"
dependencies = [
 "buddy_system_allocator",
]
